# THIS IS AN AUTOGENERATED FILE. DO NOT EDIT THIS FILE DIRECTLY.
# yarn lockfile v1


"@types/node@^17.0.29":
  version "17.0.29"
  resolved "https://registry.yarnpkg.com/@types/node/-/node-17.0.29.tgz#7f2e1159231d4a077bb660edab0fde373e375a3d"
  integrity sha512-tx5jMmMFwx7wBwq/V7OohKDVb/JwJU5qCVkeLMh1//xycAJ/ESuw9aJ9SEtlCZDYi2pBfe4JkisSoAtbOsBNAA==

"@types/prettier@^2.6.0":
  version "2.6.0"
  resolved "https://registry.yarnpkg.com/@types/prettier/-/prettier-2.6.0.tgz#efcbd41937f9ae7434c714ab698604822d890759"
  integrity sha512-G/AdOadiZhnJp0jXCaBQU449W2h716OW/EoXeYkCytxKL06X1WCXB4DZpp8TpZ8eyIJVS1cw4lrlkkSYU21cDw==

core_d@^4.0.0:
  version "4.0.0"
  resolved "https://registry.yarnpkg.com/core_d/-/core_d-4.0.0.tgz#07d2540b72c553c90a575a31fd1f1de45671452a"
  integrity sha512-dBxd0Ocxj3D3K+rJxutTAZ9LQHkuMZoc9HPWYwYRYK7swou5wuIRXxgJ39YLNDvFHfHyV3JbxVYluF/AOhcRnw==
  dependencies:
    supports-color "^8.1.0"

has-flag@^4.0.0:
  version "4.0.0"
  resolved "https://registry.yarnpkg.com/has-flag/-/has-flag-4.0.0.tgz#944771fd9c81c81265c4d6941860da06bb59479b"
  integrity sha512-EykJT/Q1KjTWctppgIAgfSO0tKVuZUjhgMr17kqTumMl6Afv3EISleU7qZUzoXDFTAHTDC4NOoG/ZxU3EvlMPQ==

nanolru@^1.0.0:
  version "1.0.0"
  resolved "https://registry.yarnpkg.com/nanolru/-/nanolru-1.0.0.tgz#0a5679cd4e4578c4ca3741e610b71c4c9b5afaf8"
  integrity sha512-GyQkE8M32pULhQk7Sko5raoIbPalAk90ICG+An4fq6fCsFHsP6fB2K46WGXVdoJpy4SGMnZ/EKbo123fZJomWg==

prettier@^2.6.2:
  version "2.6.2"
  resolved "https://registry.yarnpkg.com/prettier/-/prettier-2.6.2.tgz#e26d71a18a74c3d0f0597f55f01fb6c06c206032"
  integrity sha512-PkUpF+qoXTqhOeWL9fu7As8LXsIUZ1WYaJiY/a7McAQzxjk82OF0tibkFXVCDImZtWxbvojFjerkiLb0/q8mew==

supports-color@^8.1.0:
  version "8.1.1"
  resolved "https://registry.yarnpkg.com/supports-color/-/supports-color-8.1.1.tgz#cd6fc17e28500cff56c1b86c0a7fd4a54a73005c"
  integrity sha512-MpUEN2OodtUzxvKQl72cUF7RQ5EiHsGvSsVG0ia9c5RbWGL2CI4C7EpPS8UTBIplnlzZiNuV56w+FuNxy3ty2Q==
  dependencies:
    has-flag "^4.0.0"

typescript@^4.6.4:
  version "4.6.4"
  resolved "https://registry.yarnpkg.com/typescript/-/typescript-4.6.4.tgz#caa78bbc3a59e6a5c510d35703f6a09877ce45e9"
  integrity sha512-9ia/jWHIEbo49HfjrLGfKbZSuWo9iTMwXO+Ca3pRsSpbsMbc7/IU8NKdCZVRRBafVPGnoJeFL76ZOAA84I9fEg==
