# THIS IS AN AUTOGENERATED FILE. DO NOT EDIT THIS FILE DIRECTLY.
# yarn lockfile v1


"@types/node@^18.0.0":
  version "18.0.0"
  resolved "https://registry.yarnpkg.com/@types/node/-/node-18.0.0.tgz#67c7b724e1bcdd7a8821ce0d5ee184d3b4dd525a"
  integrity sha512-cHlGmko4gWLVI27cGJntjs/Sj8th9aYwplmZFwmmgYQQvL5NUsgVJG7OddLvNfLqYS31KFN0s3qlaD9qCaxACA==

"@types/prettier@^2.6.3":
  version "2.6.3"
  resolved "https://registry.yarnpkg.com/@types/prettier/-/prettier-2.6.3.tgz#68ada76827b0010d0db071f739314fa429943d0a"
  integrity sha512-ymZk3LEC/fsut+/Q5qejp6R9O1rMxz3XaRHDV6kX8MrGAhOSPqVARbDi+EZvInBpw+BnCX3TD240byVkOfQsHg==

core_d@^5.0.1:
  version "5.0.1"
  resolved "https://registry.yarnpkg.com/core_d/-/core_d-5.0.1.tgz#695c9c9baa483d7321db47a452887738048a1822"
  integrity sha512-37lZyhJY1hzgFbfU4LzY4zL09QPwPfV2W/3YBOtN7mkdvVaeP1OVnDZI6zxggtlPwG/BuE5wIr0xptlVJk5EPA==
  dependencies:
    supports-color "^8.1.0"

has-flag@^4.0.0:
  version "4.0.0"
  resolved "https://registry.yarnpkg.com/has-flag/-/has-flag-4.0.0.tgz#944771fd9c81c81265c4d6941860da06bb59479b"
  integrity sha512-EykJT/Q1KjTWctppgIAgfSO0tKVuZUjhgMr17kqTumMl6Afv3EISleU7qZUzoXDFTAHTDC4NOoG/ZxU3EvlMPQ==

nanolru@^1.0.0:
  version "1.0.0"
  resolved "https://registry.yarnpkg.com/nanolru/-/nanolru-1.0.0.tgz#0a5679cd4e4578c4ca3741e610b71c4c9b5afaf8"
  integrity sha512-GyQkE8M32pULhQk7Sko5raoIbPalAk90ICG+An4fq6fCsFHsP6fB2K46WGXVdoJpy4SGMnZ/EKbo123fZJomWg==

prettier@^2.7.1:
  version "2.7.1"
  resolved "https://registry.yarnpkg.com/prettier/-/prettier-2.7.1.tgz#e235806850d057f97bb08368a4f7d899f7760c64"
  integrity sha512-ujppO+MkdPqoVINuDFDRLClm7D78qbDt0/NR+wp5FqEZOoTNAjPHWj17QRhu7geIHJfcNhRk1XVQmF8Bp3ye+g==

supports-color@^8.1.0:
  version "8.1.1"
  resolved "https://registry.yarnpkg.com/supports-color/-/supports-color-8.1.1.tgz#cd6fc17e28500cff56c1b86c0a7fd4a54a73005c"
  integrity sha512-MpUEN2OodtUzxvKQl72cUF7RQ5EiHsGvSsVG0ia9c5RbWGL2CI4C7EpPS8UTBIplnlzZiNuV56w+FuNxy3ty2Q==
  dependencies:
    has-flag "^4.0.0"

typescript@^4.7.3:
  version "4.7.3"
  resolved "https://registry.yarnpkg.com/typescript/-/typescript-4.7.3.tgz#8364b502d5257b540f9de4c40be84c98e23a129d"
  integrity sha512-WOkT3XYvrpXx4vMMqlD+8R8R37fZkjyLGlxavMc4iB8lrl8L0DeTcHbYgw/v0N/z9wAFsgBhcsF0ruoySS22mA==
