# THIS IS AN AUTOGENERATED FILE. DO NOT EDIT THIS FILE DIRECTLY.
# yarn lockfile v1


"@babel/helper-string-parser@^7.27.1":
  version "7.27.1"
  resolved "https://registry.yarnpkg.com/@babel/helper-string-parser/-/helper-string-parser-7.27.1.tgz#54da796097ab19ce67ed9f88b47bb2ec49367687"
  integrity sha512-qMlSxKbpRlAridDExk92nSobyDdpPijUq2DW6oDnUqd0iOGxmQjyqhMIihI9+zv4LPyZdRje2cavWPbCbWm3eA==

"@babel/helper-validator-identifier@^7.28.5":
  version "7.28.5"
  resolved "https://registry.yarnpkg.com/@babel/helper-validator-identifier/-/helper-validator-identifier-7.28.5.tgz#010b6938fab7cb7df74aa2bbc06aa503b8fe5fb4"
  integrity sha512-qSs4ifwzKJSV39ucNjsvc6WVHs6b7S03sOh2OcHF9UHfVPqWWALUsNUVzhSBiItjRZoLHx7nIarVjqKVusUZ1Q==

"@babel/parser@^7.28.5":
  version "7.28.5"
  resolved "https://registry.yarnpkg.com/@babel/parser/-/parser-7.28.5.tgz#0b0225ee90362f030efd644e8034c99468893b08"
  integrity sha512-KKBU1VGYR7ORr3At5HAtUQ+TV3SzRCXmA/8OdDZiLDBIZxVyzXuztPjfLd3BV1PRAQGCMWWSHYhL0F8d5uHBDQ==
  dependencies:
    "@babel/types" "^7.28.5"

"@babel/types@^7.28.5":
  version "7.28.5"
  resolved "https://registry.yarnpkg.com/@babel/types/-/types-7.28.5.tgz#10fc405f60897c35f07e85493c932c7b5ca0592b"
  integrity sha512-qQ5m48eI/MFLQ5PxQj4PFaprjyCTLI37ElWMmNs0K8Lk3dVeOdNpB3ks8jc7yM5CDmVC73eMVk/trk3fgmrUpA==
  dependencies:
    "@babel/helper-string-parser" "^7.27.1"
    "@babel/helper-validator-identifier" "^7.28.5"

"@types/node@^25.0.3":
  version "25.0.3"
  resolved "https://registry.yarnpkg.com/@types/node/-/node-25.0.3.tgz#79b9ac8318f373fbfaaf6e2784893efa9701f269"
  integrity sha512-W609buLVRVmeW693xKfzHeIV6nJGGz98uCPfeXI1ELMLXVeKYZ9m15fAMSaUPBHYLGFsVRcMmSCksQOrZV9BYA==
  dependencies:
    undici-types "~7.16.0"

"@typescript-eslint/project-service@8.48.0":
  version "8.48.0"
  resolved "https://registry.yarnpkg.com/@typescript-eslint/project-service/-/project-service-8.48.0.tgz#c21f6f897fbc4e61c7b1e20906ea1d59594ccc2d"
  integrity sha512-Ne4CTZyRh1BecBf84siv42wv5vQvVmgtk8AuiEffKTUo3DrBaGYZueJSxxBZ8fjk/N3DrgChH4TOdIOwOwiqqw==
  dependencies:
    "@typescript-eslint/tsconfig-utils" "^8.48.0"
    "@typescript-eslint/types" "^8.48.0"
    debug "^4.3.4"

"@typescript-eslint/tsconfig-utils@8.48.0", "@typescript-eslint/tsconfig-utils@^8.48.0":
  version "8.48.0"
  resolved "https://registry.yarnpkg.com/@typescript-eslint/tsconfig-utils/-/tsconfig-utils-8.48.0.tgz#05cf091cd9f24a8e047783ff979136df6cf1be04"
  integrity sha512-WNebjBdFdyu10sR1M4OXTt2OkMd5KWIL+LLfeH9KhgP+jzfDV/LI3eXzwJ1s9+Yc0Kzo2fQCdY/OpdusCMmh6w==

"@typescript-eslint/types@8.48.0", "@typescript-eslint/types@^8.48.0":
  version "8.48.0"
  resolved "https://registry.yarnpkg.com/@typescript-eslint/types/-/types-8.48.0.tgz#f0dc5cf27217346e9b0d90556911e01d90d0f2a5"
  integrity sha512-cQMcGQQH7kwKoVswD1xdOytxQR60MWKM1di26xSUtxehaDs/32Zpqsu5WJlXTtTTqyAVK8R7hvsUnIXRS+bjvA==

"@typescript-eslint/typescript-estree@^8.48.0":
  version "8.48.0"
  resolved "https://registry.yarnpkg.com/@typescript-eslint/typescript-estree/-/typescript-estree-8.48.0.tgz#38b340524ce34ce0e46ca541a86cf6cad8872e5b"
  integrity sha512-ljHab1CSO4rGrQIAyizUS6UGHHCiAYhbfcIZ1zVJr5nMryxlXMVWS3duFPSKvSUbFPwkXMFk1k0EMIjub4sRRQ==
  dependencies:
    "@typescript-eslint/project-service" "8.48.0"
    "@typescript-eslint/tsconfig-utils" "8.48.0"
    "@typescript-eslint/types" "8.48.0"
    "@typescript-eslint/visitor-keys" "8.48.0"
    debug "^4.3.4"
    minimatch "^9.0.4"
    semver "^7.6.0"
    tinyglobby "^0.2.15"
    ts-api-utils "^2.1.0"

"@typescript-eslint/visitor-keys@8.48.0":
  version "8.48.0"
  resolved "https://registry.yarnpkg.com/@typescript-eslint/visitor-keys/-/visitor-keys-8.48.0.tgz#6b07ef5661a85d08b01fbe4b8310a7311a6471af"
  integrity sha512-T0XJMaRPOH3+LBbAfzR2jalckP1MSG/L9eUtY0DEzUyVaXJ/t6zN0nR7co5kz0Jko/nkSYCBRkz1djvjajVTTg==
  dependencies:
    "@typescript-eslint/types" "8.48.0"
    eslint-visitor-keys "^4.2.1"

balanced-match@^1.0.0:
  version "1.0.2"
  resolved "https://registry.yarnpkg.com/balanced-match/-/balanced-match-1.0.2.tgz#e83e3a7e3f300b34cb9d87f615fa0cbf357690ee"
  integrity sha512-3oSeUO0TMV67hN1AmbXsK4yaqU7tjiHlbxRDZOpH0KW9+CeX4bRAaX0Anxt0tx2MrpRpWwQaPwIlISEJhYU5Pw==

brace-expansion@^2.0.1:
  version "2.0.2"
  resolved "https://registry.yarnpkg.com/brace-expansion/-/brace-expansion-2.0.2.tgz#54fc53237a613d854c7bd37463aad17df87214e7"
  integrity sha512-Jt0vHyM+jmUBqojB7E1NIYadt0vI0Qxjxd2TErW94wDz+E2LAm5vKMXXwg6ZZBTHPuUlDgQHKXvjGBdfcF1ZDQ==
  dependencies:
    balanced-match "^1.0.0"

core_d@^6.1.1:
  version "6.1.1"
  resolved "https://registry.yarnpkg.com/core_d/-/core_d-6.1.1.tgz#a3d527272e7d78b841ce6a9c0bb55c1110d24308"
  integrity sha512-96Pba8AFV6AjBwOz0PxHXkKm4CzmrNA2Im8NlPCsi70OefzgXxw3VDuKIMC18SXV1GF2oyNfIdh3w+JaNkSCCA==
  dependencies:
    supports-color "^8.1.0"

debug@^4.3.4:
  version "4.3.7"
  resolved "https://registry.yarnpkg.com/debug/-/debug-4.3.7.tgz#87945b4151a011d76d95a198d7111c865c360a52"
  integrity sha512-Er2nc/H7RrMXZBFCEim6TCmMk02Z8vLC2Rbi1KEBggpo0fS6l0S1nnapwmIi3yW/+GOJap1Krg4w0Hg80oCqgQ==
  dependencies:
    ms "^2.1.3"

eslint-visitor-keys@^4.2.1:
  version "4.2.1"
  resolved "https://registry.yarnpkg.com/eslint-visitor-keys/-/eslint-visitor-keys-4.2.1.tgz#4cfea60fe7dd0ad8e816e1ed026c1d5251b512c1"
  integrity sha512-Uhdk5sfqcee/9H/rCOJikYz67o0a2Tw2hGRPOG2Y1R2dg7brRe1uG0yaNQDHu+TO/uQPF/5eCapvYSmHUjt7JQ==

fdir@^6.5.0:
  version "6.5.0"
  resolved "https://registry.yarnpkg.com/fdir/-/fdir-6.5.0.tgz#ed2ab967a331ade62f18d077dae192684d50d350"
  integrity sha512-tIbYtZbucOs0BRGqPJkshJUYdL+SDH7dVM8gjy+ERp3WAUjLEFJE+02kanyHtwjWOnwrKYBiwAmM0p4kLJAnXg==

has-flag@^4.0.0:
  version "4.0.0"
  resolved "https://registry.yarnpkg.com/has-flag/-/has-flag-4.0.0.tgz#944771fd9c81c81265c4d6941860da06bb59479b"
  integrity sha512-EykJT/Q1KjTWctppgIAgfSO0tKVuZUjhgMr17kqTumMl6Afv3EISleU7qZUzoXDFTAHTDC4NOoG/ZxU3EvlMPQ==

minimatch@^9.0.4:
  version "9.0.5"
  resolved "https://registry.yarnpkg.com/minimatch/-/minimatch-9.0.5.tgz#d74f9dd6b57d83d8e98cfb82133b03978bc929e5"
  integrity sha512-G6T0ZX48xgozx7587koeX9Ys2NYy6Gmv//P89sEte9V9whIapMNF4idKxnW2QtCcLiTWlb/wfCabAtAFWhhBow==
  dependencies:
    brace-expansion "^2.0.1"

ms@^2.1.3:
  version "2.1.3"
  resolved "https://registry.yarnpkg.com/ms/-/ms-2.1.3.tgz#574c8138ce1d2b5861f0b44579dbadd60c6615b2"
  integrity sha512-6FlzubTLZG3J2a/NVCAleEhjzq5oxgHyaCU9yYXvcLsvoVaHJq/s5xXI6/XXP6tz7R9xAOtHnSO/tXtF3WRTlA==

picomatch@^4.0.3:
  version "4.0.3"
  resolved "https://registry.yarnpkg.com/picomatch/-/picomatch-4.0.3.tgz#796c76136d1eead715db1e7bad785dedd695a042"
  integrity sha512-5gTmgEY/sqK6gFXLIsQNH19lWb4ebPDLA4SdLP7dsWkIXHWlG66oPuVvXSGFPppYZz8ZDZq0dYYrbHfBCVUb1Q==

prettier@^3.7.3:
  version "3.7.3"
  resolved "https://registry.yarnpkg.com/prettier/-/prettier-3.7.3.tgz#99a8891f6c990cfa54bcff2a0d276e6f845e59ab"
  integrity sha512-QgODejq9K3OzoBbuyobZlUhznP5SKwPqp+6Q6xw6o8gnhr4O85L2U915iM2IDcfF2NPXVaM9zlo9tdwipnYwzg==

semver@^7.6.0:
  version "7.6.3"
  resolved "https://registry.yarnpkg.com/semver/-/semver-7.6.3.tgz#980f7b5550bc175fb4dc09403085627f9eb33143"
  integrity sha512-oVekP1cKtI+CTDvHWYFUcMtsK/00wmAEfyqKfNdARm8u1wNVhSgaX7A8d4UuIlUI5e84iEwOhs7ZPYRmzU9U6A==

supports-color@^8.1.0:
  version "8.1.1"
  resolved "https://registry.yarnpkg.com/supports-color/-/supports-color-8.1.1.tgz#cd6fc17e28500cff56c1b86c0a7fd4a54a73005c"
  integrity sha512-MpUEN2OodtUzxvKQl72cUF7RQ5EiHsGvSsVG0ia9c5RbWGL2CI4C7EpPS8UTBIplnlzZiNuV56w+FuNxy3ty2Q==
  dependencies:
    has-flag "^4.0.0"

tinyglobby@^0.2.15:
  version "0.2.15"
  resolved "https://registry.yarnpkg.com/tinyglobby/-/tinyglobby-0.2.15.tgz#e228dd1e638cea993d2fdb4fcd2d4602a79951c2"
  integrity sha512-j2Zq4NyQYG5XMST4cbs02Ak8iJUdxRM0XI5QyxXuZOzKOINmWurp3smXu3y5wDcJrptwpSjgXHzIQxR0omXljQ==
  dependencies:
    fdir "^6.5.0"
    picomatch "^4.0.3"

ts-api-utils@^2.1.0:
  version "2.1.0"
  resolved "https://registry.yarnpkg.com/ts-api-utils/-/ts-api-utils-2.1.0.tgz#595f7094e46eed364c13fd23e75f9513d29baf91"
  integrity sha512-CUgTZL1irw8u29bzrOD/nH85jqyc74D6SshFgujOIA7osm2Rz7dYH77agkx7H4FBNxDq7Cjf+IjaX/8zwFW+ZQ==

typescript@^5.9.3:
  version "5.9.3"
  resolved "https://registry.yarnpkg.com/typescript/-/typescript-5.9.3.tgz#5b4f59e15310ab17a216f5d6cf53ee476ede670f"
  integrity sha512-jl1vZzPDinLr9eUt3J/t7V6FgNEw9QjvBPdysz9KfQDD41fQrC2Y4vKQdiaUpFT4bXlb1RHhLpp8wtm6M5TgSw==

undici-types@~7.16.0:
  version "7.16.0"
  resolved "https://registry.yarnpkg.com/undici-types/-/undici-types-7.16.0.tgz#ffccdff36aea4884cbfce9a750a0580224f58a46"
  integrity sha512-Zz+aZWSj8LE6zoxD+xrjh4VfkIG8Ya6LvYkZqtUQGJPZjYl53ypCaUwWqo7eI0x66KBGeRo+mlBEkMSeSZ38Nw==
